
Microsoft Visual Studio Solution File, Format Version 12.00
# Visual Studio Version 17
VisualStudioVersion = 17.4.33213.308
MinimumVisualStudioVersion = 10.0.40219.1
Project("{FAE04EC0-301F-11D3-BF4B-00C04F79EFBC}") = "MyFirstApp", "MyFirstApp\MyFirstApp.csproj", "{D91B442E-1967-4F00-8186-0A386E47B70D}"
EndProject
Global
	GlobalSection(SolutionConfigurationPlatforms) = preSolution
		Debug|Any CPU = Debug|Any CPU
		Release|Any CPU = Release|Any CPU
	EndGlobalSection
	GlobalSection(ProjectConfigurationPlatforms) = postSolution
		{D91B442E-1967-4F00-8186-0A386E47B70D}.Debug|Any CPU.ActiveCfg = Debug|Any CPU
		{D91B442E-1967-4F00-8186-0A386E47B70D}.Debug|Any CPU.Build.0 = Debug|Any CPU
		{D91B442E-1967-4F00-8186-0A386E47B70D}.Release|Any CPU.ActiveCfg = Release|Any CPU
		{D91B442E-1967-4F00-8186-0A386E47B70D}.Release|Any CPU.Build.0 = Release|Any CPU
	EndGlobalSection
	GlobalSection(SolutionProperties) = preSolution
		HideSolutionNode = FALSE
	EndGlobalSection
	GlobalSection(ExtensibilityGlobals) = postSolution
		SolutionGuid = {A76E7305-4705-4BA7-9E96-6A47471DE358}
	EndGlobalSection
EndGlobal
